lockfileVersion: '6.0'

settings:
  autoInstallPeers: true
  excludeLinksFromLockfile: false

dependencies:
  '@ant-design/cssinjs':
    specifier: ^1.20.0
    version: 1.20.0(react-dom@18.3.1)(react@18.3.1)
  antd:
    specifier: ^5.18.1
    version: 5.18.1(react-dom@18.3.1)(react@18.3.1)
  next:
    specifier: 14.2.4
    version: 14.2.4(react-dom@18.3.1)(react@18.3.1)
  react:
    specifier: ^18
    version: 18.3.1
  react-dom:
    specifier: ^18
    version: 18.3.1(react@18.3.1)

packages:

  /@ant-design/colors@7.0.2:
    resolution: {integrity: sha512-7KJkhTiPiLHSu+LmMJnehfJ6242OCxSlR3xHVBecYxnMW8MS/878NXct1GqYARyL59fyeFdKRxXTfvR9SnDgJg==}
    dependencies:
      '@ctrl/tinycolor': 3.6.1
    dev: false

  /@ant-design/cssinjs@1.20.0(react-dom@18.3.1)(react@18.3.1):
    resolution: {integrity: sha512-uG3iWzJxgNkADdZmc6W0Ci3iQAUOvLMcM8SnnmWq3r6JeocACft4ChnY/YWvI2Y+rG/68QBla/O+udke1yH3vg==}
    peerDependencies:
      react: '>=16.0.0'
      react-dom: '>=16.0.0'
    dependencies:
      '@babel/runtime': 7.24.7
      '@emotion/hash': 0.8.0
      '@emotion/unitless': 0.7.5
      classnames: 2.5.1
      csstype: 3.1.3
      rc-util: 5.42.1(react-dom@18.3.1)(react@18.3.1)
      react: 18.3.1
      react-dom: 18.3.1(react@18.3.1)
      stylis: 4.3.2
    dev: false

  /@ant-design/icons-svg@4.4.2:
    resolution: {integrity: sha512-vHbT+zJEVzllwP+CM+ul7reTEfBR0vgxFe7+lREAsAA7YGsYpboiq2sQNeQeRvh09GfQgs/GyFEvZpJ9cLXpXA==}
    dev: false

  /@ant-design/icons@5.3.7(react-dom@18.3.1)(react@18.3.1):
    resolution: {integrity: sha512-bCPXTAg66f5bdccM4TT21SQBDO1Ek2gho9h3nO9DAKXJP4sq+5VBjrQMSxMVXSB3HyEz+cUbHQ5+6ogxCOpaew==}
    engines: {node: '>=8'}
    peerDependencies:
      react: '>=16.0.0'
      react-dom: '>=16.0.0'
    dependencies:
      '@ant-design/colors': 7.0.2
      '@ant-design/icons-svg': 4.4.2
      '@babel/runtime': 7.24.7
      classnames: 2.5.1
      rc-util: 5.42.1(react-dom@18.3.1)(react@18.3.1)
      react: 18.3.1
      react-dom: 18.3.1(react@18.3.1)
    dev: false

  /@ant-design/react-slick@1.1.2(react@18.3.1):
    resolution: {integrity: sha512-EzlvzE6xQUBrZuuhSAFTdsr4P2bBBHGZwKFemEfq8gIGyIQCxalYfZW/T2ORbtQx5rU69o+WycP3exY/7T1hGA==}
    peerDependencies:
      react: '>=16.9.0'
    dependencies:
      '@babel/runtime': 7.24.7
      classnames: 2.5.1
      json2mq: 0.2.0
      react: 18.3.1
      resize-observer-polyfill: 1.5.1
      throttle-debounce: 5.0.0
    dev: false

  /@babel/runtime@7.24.7:
    resolution: {integrity: sha512-UwgBRMjJP+xv857DCngvqXI3Iq6J4v0wXmwc6sapg+zyhbwmQX67LUEFrkK5tbyJ30jGuG3ZvWpBiB9LCy1kWw==}
    engines: {node: '>=6.9.0'}
    dependencies:
      regenerator-runtime: 0.14.1
    dev: false

  /@ctrl/tinycolor@3.6.1:
    resolution: {integrity: sha512-SITSV6aIXsuVNV3f3O0f2n/cgyEDWoSqtZMYiAmcsYHydcKrOz3gUxB/iXd/Qf08+IZX4KpgNbvUdMBmWz+kcA==}
    engines: {node: '>=10'}
    dev: false

  /@emotion/hash@0.8.0:
    resolution: {integrity: sha512-kBJtf7PH6aWwZ6fka3zQ0p6SBYzx4fl1LoZXE2RrnYST9Xljm7WfKJrU4g/Xr3Beg72MLrp1AWNUmuYJTL7Cow==}
    dev: false

  /@emotion/unitless@0.7.5:
    resolution: {integrity: sha512-OWORNpfjMsSSUBVrRBVGECkhWcULOAJz9ZW8uK9qgxD+87M7jHRcvh/A96XXNhXTLmKcoYSQtBEX7lHMO7YRwg==}
    dev: false

  /@next/env@14.2.4:
    resolution: {integrity: sha512-3EtkY5VDkuV2+lNmKlbkibIJxcO4oIHEhBWne6PaAp+76J9KoSsGvNikp6ivzAT8dhhBMYrm6op2pS1ApG0Hzg==}
    dev: false

  /@next/swc-darwin-arm64@14.2.4:
    resolution: {integrity: sha512-AH3mO4JlFUqsYcwFUHb1wAKlebHU/Hv2u2kb1pAuRanDZ7pD/A/KPD98RHZmwsJpdHQwfEc/06mgpSzwrJYnNg==}
    engines: {node: '>= 10'}
    cpu: [arm64]
    os: [darwin]
    requiresBuild: true
    dev: false
    optional: true

  /@next/swc-darwin-x64@14.2.4:
    resolution: {integrity: sha512-QVadW73sWIO6E2VroyUjuAxhWLZWEpiFqHdZdoQ/AMpN9YWGuHV8t2rChr0ahy+irKX5mlDU7OY68k3n4tAZTg==}
    engines: {node: '>= 10'}
    cpu: [x64]
    os: [darwin]
    requiresBuild: true
    dev: false
    optional: true

  /@next/swc-linux-arm64-gnu@14.2.4:
    resolution: {integrity: sha512-KT6GUrb3oyCfcfJ+WliXuJnD6pCpZiosx2X3k66HLR+DMoilRb76LpWPGb4tZprawTtcnyrv75ElD6VncVamUQ==}
    engines: {node: '>= 10'}
    cpu: [arm64]
    os: [linux]
    libc: [glibc]
    requiresBuild: true
    dev: false
    optional: true

  /@next/swc-linux-arm64-musl@14.2.4:
    resolution: {integrity: sha512-Alv8/XGSs/ytwQcbCHwze1HmiIkIVhDHYLjczSVrf0Wi2MvKn/blt7+S6FJitj3yTlMwMxII1gIJ9WepI4aZ/A==}
    engines: {node: '>= 10'}
    cpu: [arm64]
    os: [linux]
    libc: [musl]
    requiresBuild: true
    dev: false
    optional: true

  /@next/swc-linux-x64-gnu@14.2.4:
    resolution: {integrity: sha512-ze0ShQDBPCqxLImzw4sCdfnB3lRmN3qGMB2GWDRlq5Wqy4G36pxtNOo2usu/Nm9+V2Rh/QQnrRc2l94kYFXO6Q==}
    engines: {node: '>= 10'}
    cpu: [x64]
    os: [linux]
    libc: [glibc]
    requiresBuild: true
    dev: false
    optional: true

  /@next/swc-linux-x64-musl@14.2.4:
    resolution: {integrity: sha512-8dwC0UJoc6fC7PX70csdaznVMNr16hQrTDAMPvLPloazlcaWfdPogq+UpZX6Drqb1OBlwowz8iG7WR0Tzk/diQ==}
    engines: {node: '>= 10'}
    cpu: [x64]
    os: [linux]
    libc: [musl]
    requiresBuild: true
    dev: false
    optional: true

  /@next/swc-win32-arm64-msvc@14.2.4:
    resolution: {integrity: sha512-jxyg67NbEWkDyvM+O8UDbPAyYRZqGLQDTPwvrBBeOSyVWW/jFQkQKQ70JDqDSYg1ZDdl+E3nkbFbq8xM8E9x8A==}
    engines: {node: '>= 10'}
    cpu: [arm64]
    os: [win32]
    requiresBuild: true
    dev: false
    optional: true

  /@next/swc-win32-ia32-msvc@14.2.4:
    resolution: {integrity: sha512-twrmN753hjXRdcrZmZttb/m5xaCBFa48Dt3FbeEItpJArxriYDunWxJn+QFXdJ3hPkm4u7CKxncVvnmgQMY1ag==}
    engines: {node: '>= 10'}
    cpu: [ia32]
    os: [win32]
    requiresBuild: true
    dev: false
    optional: true

  /@next/swc-win32-x64-msvc@14.2.4:
    resolution: {integrity: sha512-tkLrjBzqFTP8DVrAAQmZelEahfR9OxWpFR++vAI9FBhCiIxtwHwBHC23SBHCTURBtwB4kc/x44imVOnkKGNVGg==}
    engines: {node: '>= 10'}
    cpu: [x64]
    os: [win32]
    requiresBuild: true
    dev: false
    optional: true

  /@rc-component/async-validator@5.0.4:
    resolution: {integrity: sha512-qgGdcVIF604M9EqjNF0hbUTz42bz/RDtxWdWuU5EQe3hi7M8ob54B6B35rOsvX5eSvIHIzT9iH1R3n+hk3CGfg==}
    engines: {node: '>=14.x'}
    dependencies:
      '@babel/runtime': 7.24.7
    dev: false

  /@rc-component/color-picker@1.5.3(react-dom@18.3.1)(react@18.3.1):
    resolution: {integrity: sha512-+tGGH3nLmYXTalVe0L8hSZNs73VTP5ueSHwUlDC77KKRaN7G4DS4wcpG5DTDzdcV/Yas+rzA6UGgIyzd8fS4cw==}
    peerDependencies:
      react: '>=16.9.0'
      react-dom: '>=16.9.0'
    dependencies:
      '@babel/runtime': 7.24.7
      '@ctrl/tinycolor': 3.6.1
      classnames: 2.5.1
      rc-util: 5.42.1(react-dom@18.3.1)(react@18.3.1)
      react: 18.3.1
      react-dom: 18.3.1(react@18.3.1)
    dev: false

  /@rc-component/context@1.4.0(react-dom@18.3.1)(react@18.3.1):
    resolution: {integrity: sha512-kFcNxg9oLRMoL3qki0OMxK+7g5mypjgaaJp/pkOis/6rVxma9nJBF/8kCIuTYHUQNr0ii7MxqE33wirPZLJQ2w==}
    peerDependencies:
      react: '>=16.9.0'
      react-dom: '>=16.9.0'
    dependencies:
      '@babel/runtime': 7.24.7
      rc-util: 5.42.1(react-dom@18.3.1)(react@18.3.1)
      react: 18.3.1
      react-dom: 18.3.1(react@18.3.1)
    dev: false

  /@rc-component/mini-decimal@1.1.0:
    resolution: {integrity: sha512-jS4E7T9Li2GuYwI6PyiVXmxTiM6b07rlD9Ge8uGZSCz3WlzcG5ZK7g5bbuKNeZ9pgUuPK/5guV781ujdVpm4HQ==}
    engines: {node: '>=8.x'}
    dependencies:
      '@babel/runtime': 7.24.7
    dev: false

  /@rc-component/mutate-observer@1.1.0(react-dom@18.3.1)(react@18.3.1):
    resolution: {integrity: sha512-QjrOsDXQusNwGZPf4/qRQasg7UFEj06XiCJ8iuiq/Io7CrHrgVi6Uuetw60WAMG1799v+aM8kyc+1L/GBbHSlw==}
    engines: {node: '>=8.x'}
    peerDependencies:
      react: '>=16.9.0'
      react-dom: '>=16.9.0'
    dependencies:
      '@babel/runtime': 7.24.7
      classnames: 2.5.1
      rc-util: 5.42.1(react-dom@18.3.1)(react@18.3.1)
      react: 18.3.1
      react-dom: 18.3.1(react@18.3.1)
    dev: false

  /@rc-component/portal@1.1.2(react-dom@18.3.1)(react@18.3.1):
    resolution: {integrity: sha512-6f813C0IsasTZms08kfA8kPAGxbbkYToa8ALaiDIGGECU4i9hj8Plgbx0sNJDrey3EtHO30hmdaxtT0138xZcg==}
    engines: {node: '>=8.x'}
    peerDependencies:
      react: '>=16.9.0'
      react-dom: '>=16.9.0'
    dependencies:
      '@babel/runtime': 7.24.7
      classnames: 2.5.1
      rc-util: 5.42.1(react-dom@18.3.1)(react@18.3.1)
      react: 18.3.1
      react-dom: 18.3.1(react@18.3.1)
    dev: false

  /@rc-component/tour@1.15.0(react-dom@18.3.1)(react@18.3.1):
    resolution: {integrity: sha512-h6hyILDwL+In9GAgRobwRWihLqqsD7Uft3fZGrJ7L4EiyCoxbnNYwzPXDfz7vNDhWeVyvAWQJj9fJCzpI4+b4g==}
    engines: {node: '>=8.x'}
    peerDependencies:
      react: '>=16.9.0'
      react-dom: '>=16.9.0'
    dependencies:
      '@babel/runtime': 7.24.7
      '@rc-component/portal': 1.1.2(react-dom@18.3.1)(react@18.3.1)
      '@rc-component/trigger': 2.2.0(react-dom@18.3.1)(react@18.3.1)
      classnames: 2.5.1
      rc-util: 5.42.1(react-dom@18.3.1)(react@18.3.1)
      react: 18.3.1
      react-dom: 18.3.1(react@18.3.1)
    dev: false

  /@rc-component/trigger@2.2.0(react-dom@18.3.1)(react@18.3.1):
    resolution: {integrity: sha512-QarBCji02YE9aRFhZgRZmOpXBj0IZutRippsVBv85sxvG4FGk/vRxwAlkn3MS9zK5mwbETd86mAVg2tKqTkdJA==}
    engines: {node: '>=8.x'}
    peerDependencies:
      react: '>=16.9.0'
      react-dom: '>=16.9.0'
    dependencies:
      '@babel/runtime': 7.24.7
      '@rc-component/portal': 1.1.2(react-dom@18.3.1)(react@18.3.1)
      classnames: 2.5.1
      rc-motion: 2.9.1(react-dom@18.3.1)(react@18.3.1)
      rc-resize-observer: 1.4.0(react-dom@18.3.1)(react@18.3.1)
      rc-util: 5.42.1(react-dom@18.3.1)(react@18.3.1)
      react: 18.3.1
      react-dom: 18.3.1(react@18.3.1)
    dev: false

  /@swc/counter@0.1.3:
    resolution: {integrity: sha512-e2BR4lsJkkRlKZ/qCHPw9ZaSxc0MVUd7gtbtaB7aMvHeJVYe8sOB8DBZkP2DtISHGSku9sCK6T6cnY0CtXrOCQ==}
    dev: false

  /@swc/helpers@0.5.5:
    resolution: {integrity: sha512-KGYxvIOXcceOAbEk4bi/dVLEK9z8sZ0uBB3Il5b1rhfClSpcX0yfRO0KmTkqR2cnQDymwLB+25ZyMzICg/cm/A==}
    dependencies:
      '@swc/counter': 0.1.3
      tslib: 2.6.3
    dev: false

  /antd@5.18.1(react-dom@18.3.1)(react@18.3.1):
    resolution: {integrity: sha512-l762vsoIpA3xsVsbIExlce3hgFgiLdflGEgdo8NFnq17Qq3fHIMJklGzM8WNpdJJ4iUk4FzritmSSnHk0Y5kZA==}
    peerDependencies:
      react: '>=16.9.0'
      react-dom: '>=16.9.0'
    dependencies:
      '@ant-design/colors': 7.0.2
      '@ant-design/cssinjs': 1.20.0(react-dom@18.3.1)(react@18.3.1)
      '@ant-design/icons': 5.3.7(react-dom@18.3.1)(react@18.3.1)
      '@ant-design/react-slick': 1.1.2(react@18.3.1)
      '@babel/runtime': 7.24.7
      '@ctrl/tinycolor': 3.6.1
      '@rc-component/color-picker': 1.5.3(react-dom@18.3.1)(react@18.3.1)
      '@rc-component/mutate-observer': 1.1.0(react-dom@18.3.1)(react@18.3.1)
      '@rc-component/tour': 1.15.0(react-dom@18.3.1)(react@18.3.1)
      '@rc-component/trigger': 2.2.0(react-dom@18.3.1)(react@18.3.1)
      classnames: 2.5.1
      copy-to-clipboard: 3.3.3
      dayjs: 1.11.11
      qrcode.react: 3.1.0(react@18.3.1)
      rc-cascader: 3.26.0(react-dom@18.3.1)(react@18.3.1)
      rc-checkbox: 3.3.0(react-dom@18.3.1)(react@18.3.1)
      rc-collapse: 3.7.3(react-dom@18.3.1)(react@18.3.1)
      rc-dialog: 9.5.2(react-dom@18.3.1)(react@18.3.1)
      rc-drawer: 7.2.0(react-dom@18.3.1)(react@18.3.1)
      rc-dropdown: 4.2.0(react-dom@18.3.1)(react@18.3.1)
      rc-field-form: 2.2.1(react-dom@18.3.1)(react@18.3.1)
      rc-image: 7.9.0(react-dom@18.3.1)(react@18.3.1)
      rc-input: 1.5.1(react-dom@18.3.1)(react@18.3.1)
      rc-input-number: 9.1.0(react-dom@18.3.1)(react@18.3.1)
      rc-mentions: 2.14.0(react-dom@18.3.1)(react@18.3.1)
      rc-menu: 9.14.0(react-dom@18.3.1)(react@18.3.1)
      rc-motion: 2.9.1(react-dom@18.3.1)(react@18.3.1)
      rc-notification: 5.6.0(react-dom@18.3.1)(react@18.3.1)
      rc-pagination: 4.0.4(react-dom@18.3.1)(react@18.3.1)
      rc-picker: 4.5.0(dayjs@1.11.11)(react-dom@18.3.1)(react@18.3.1)
      rc-progress: 4.0.0(react-dom@18.3.1)(react@18.3.1)
      rc-rate: 2.13.0(react-dom@18.3.1)(react@18.3.1)
      rc-resize-observer: 1.4.0(react-dom@18.3.1)(react@18.3.1)
      rc-segmented: 2.3.0(react-dom@18.3.1)(react@18.3.1)
      rc-select: 14.14.0(react-dom@18.3.1)(react@18.3.1)
      rc-slider: 10.6.2(react-dom@18.3.1)(react@18.3.1)
      rc-steps: 6.0.1(react-dom@18.3.1)(react@18.3.1)
      rc-switch: 4.1.0(react-dom@18.3.1)(react@18.3.1)
      rc-table: 7.45.7(react-dom@18.3.1)(react@18.3.1)
      rc-tabs: 15.1.1(react-dom@18.3.1)(react@18.3.1)
      rc-textarea: 1.7.0(react-dom@18.3.1)(react@18.3.1)
      rc-tooltip: 6.2.0(react-dom@18.3.1)(react@18.3.1)
      rc-tree: 5.8.8(react-dom@18.3.1)(react@18.3.1)
      rc-tree-select: 5.21.0(react-dom@18.3.1)(react@18.3.1)
      rc-upload: 4.5.2(react-dom@18.3.1)(react@18.3.1)
      rc-util: 5.42.1(react-dom@18.3.1)(react@18.3.1)
      react: 18.3.1
      react-dom: 18.3.1(react@18.3.1)
      scroll-into-view-if-needed: 3.1.0
      throttle-debounce: 5.0.0
    transitivePeerDependencies:
      - date-fns
      - luxon
      - moment
    dev: false

  /array-tree-filter@2.1.0:
    resolution: {integrity: sha512-4ROwICNlNw/Hqa9v+rk5h22KjmzB1JGTMVKP2AKJBOCgb0yL0ASf0+YvCcLNNwquOHNX48jkeZIJ3a+oOQqKcw==}
    dev: false

  /busboy@1.6.0:
    resolution: {integrity: sha512-8SFQbg/0hQ9xy3UNTB0YEnsNBbWfhf7RtnzpL7TkBiTBRfrQ9Fxcnz7VJsleJpyp6rVLvXiuORqjlHi5q+PYuA==}
    engines: {node: '>=10.16.0'}
    dependencies:
      streamsearch: 1.1.0
    dev: false

  /caniuse-lite@1.0.30001634:
    resolution: {integrity: sha512-fbBYXQ9q3+yp1q1gBk86tOFs4pyn/yxFm5ZNP18OXJDfA3txImOY9PhfxVggZ4vRHDqoU8NrKU81eN0OtzOgRA==}
    dev: false

  /classnames@2.5.1:
    resolution: {integrity: sha512-saHYOzhIQs6wy2sVxTM6bUDsQO4F50V9RQ22qBpEdCW+I+/Wmke2HOl6lS6dTpdxVhb88/I6+Hs+438c3lfUow==}
    dev: false

  /client-only@0.0.1:
    resolution: {integrity: sha512-IV3Ou0jSMzZrd3pZ48nLkT9DA7Ag1pnPzaiQhpW7c3RbcqqzvzzVu+L8gfqMp/8IM2MQtSiqaCxrrcfu8I8rMA==}
    dev: false

  /compute-scroll-into-view@3.1.0:
    resolution: {integrity: sha512-rj8l8pD4bJ1nx+dAkMhV1xB5RuZEyVysfxJqB1pRchh1KVvwOv9b7CGB8ZfjTImVv2oF+sYMUkMZq6Na5Ftmbg==}
    dev: false

  /copy-to-clipboard@3.3.3:
    resolution: {integrity: sha512-2KV8NhB5JqC3ky0r9PMCAZKbUHSwtEo4CwCs0KXgruG43gX5PMqDEBbVU4OUzw2MuAWUfsuFmWvEKG5QRfSnJA==}
    dependencies:
      toggle-selection: 1.0.6
    dev: false

  /csstype@3.1.3:
    resolution: {integrity: sha512-M1uQkMl8rQK/szD0LNhtqxIPLpimGm8sOBwU7lLnCpSbTyY3yeU1Vc7l4KT5zT4s/yOxHH5O7tIuuLOCnLADRw==}
    dev: false

  /dayjs@1.11.11:
    resolution: {integrity: sha512-okzr3f11N6WuqYtZSvm+F776mB41wRZMhKP+hc34YdW+KmtYYK9iqvHSwo2k9FEH3fhGXvOPV6yz2IcSrfRUDg==}
    dev: false

  /graceful-fs@4.2.11:
    resolution: {integrity: sha512-RbJ5/jmFcNNCcDV5o9eTnBLJ/HszWV0P73bc+Ff4nS/rJj+YaS6IGyiOL0VoBYX+l1Wrl3k63h/KrH+nhJ0XvQ==}
    dev: false

  /js-tokens@4.0.0:
    resolution: {integrity: sha512-RdJUflcE3cUzKiMqQgsCu06FPu9UdIJO0beYbPhHN4k6apgJtifcoCtT9bcxOpYBtpD2kCM6Sbzg4CausW/PKQ==}
    dev: false

  /json2mq@0.2.0:
    resolution: {integrity: sha512-SzoRg7ux5DWTII9J2qkrZrqV1gt+rTaoufMxEzXbS26Uid0NwaJd123HcoB80TgubEppxxIGdNxCx50fEoEWQA==}
    dependencies:
      string-convert: 0.2.1
    dev: false

  /loose-envify@1.4.0:
    resolution: {integrity: sha512-lyuxPGr/Wfhrlem2CL/UcnUc1zcqKAImBDzukY7Y5F/yQiNdko6+fRLevlw1HgMySw7f611UIY408EtxRSoK3Q==}
    hasBin: true
    dependencies:
      js-tokens: 4.0.0
    dev: false

  /nanoid@3.3.7:
    resolution: {integrity: sha512-eSRppjcPIatRIMC1U6UngP8XFcz8MQWGQdt1MTBQ7NaAmvXDfvNxbvWV3x2y6CdEUciCSsDHDQZbhYaB8QEo2g==}
    engines: {node: ^10 || ^12 || ^13.7 || ^14 || >=15.0.1}
    hasBin: true
    dev: false

  /next@14.2.4(react-dom@18.3.1)(react@18.3.1):
    resolution: {integrity: sha512-R8/V7vugY+822rsQGQCjoLhMuC9oFj9SOi4Cl4b2wjDrseD0LRZ10W7R6Czo4w9ZznVSshKjuIomsRjvm9EKJQ==}
    engines: {node: '>=18.17.0'}
    hasBin: true
    peerDependencies:
      '@opentelemetry/api': ^1.1.0
      '@playwright/test': ^1.41.2
      react: ^18.2.0
      react-dom: ^18.2.0
      sass: ^1.3.0
    peerDependenciesMeta:
      '@opentelemetry/api':
        optional: true
      '@playwright/test':
        optional: true
      sass:
        optional: true
    dependencies:
      '@next/env': 14.2.4
      '@swc/helpers': 0.5.5
      busboy: 1.6.0
      caniuse-lite: 1.0.30001634
      graceful-fs: 4.2.11
      postcss: 8.4.31
      react: 18.3.1
      react-dom: 18.3.1(react@18.3.1)
      styled-jsx: 5.1.1(react@18.3.1)
    optionalDependencies:
      '@next/swc-darwin-arm64': 14.2.4
      '@next/swc-darwin-x64': 14.2.4
      '@next/swc-linux-arm64-gnu': 14.2.4
      '@next/swc-linux-arm64-musl': 14.2.4
      '@next/swc-linux-x64-gnu': 14.2.4
      '@next/swc-linux-x64-musl': 14.2.4
      '@next/swc-win32-arm64-msvc': 14.2.4
      '@next/swc-win32-ia32-msvc': 14.2.4
      '@next/swc-win32-x64-msvc': 14.2.4
    transitivePeerDependencies:
      - '@babel/core'
      - babel-plugin-macros
    dev: false

  /picocolors@1.0.1:
    resolution: {integrity: sha512-anP1Z8qwhkbmu7MFP5iTt+wQKXgwzf7zTyGlcdzabySa9vd0Xt392U0rVmz9poOaBj0uHJKyyo9/upk0HrEQew==}
    dev: false

  /postcss@8.4.31:
    resolution: {integrity: sha512-PS08Iboia9mts/2ygV3eLpY5ghnUcfLV/EXTOW1E2qYxJKGGBUtNjN76FYHnMs36RmARn41bC0AZmn+rR0OVpQ==}
    engines: {node: ^10 || ^12 || >=14}
    dependencies:
      nanoid: 3.3.7
      picocolors: 1.0.1
      source-map-js: 1.2.0
    dev: false

  /qrcode.react@3.1.0(react@18.3.1):
    resolution: {integrity: sha512-oyF+Urr3oAMUG/OiOuONL3HXM+53wvuH3mtIWQrYmsXoAq0DkvZp2RYUWFSMFtbdOpuS++9v+WAkzNVkMlNW6Q==}
    peerDependencies:
      react: ^16.8.0 || ^17.0.0 || ^18.0.0
    dependencies:
      react: 18.3.1
    dev: false

  /rc-cascader@3.26.0(react-dom@18.3.1)(react@18.3.1):
    resolution: {integrity: sha512-L1dml383TPSJD1I11YwxuVbmqaJY64psZqFp1ETlgl3LEOwDu76Cyl11fw5dmjJhMlUWwM5dECQfqJgfebhUjg==}
    peerDependencies:
      react: '>=16.9.0'
      react-dom: '>=16.9.0'
    dependencies:
      '@babel/runtime': 7.24.7
      array-tree-filter: 2.1.0
      classnames: 2.5.1
      rc-select: 14.14.0(react-dom@18.3.1)(react@18.3.1)
      rc-tree: 5.8.8(react-dom@18.3.1)(react@18.3.1)
      rc-util: 5.42.1(react-dom@18.3.1)(react@18.3.1)
      react: 18.3.1
      react-dom: 18.3.1(react@18.3.1)
    dev: false

  /rc-checkbox@3.3.0(react-dom@18.3.1)(react@18.3.1):
    resolution: {integrity: sha512-Ih3ZaAcoAiFKJjifzwsGiT/f/quIkxJoklW4yKGho14Olulwn8gN7hOBve0/WGDg5o/l/5mL0w7ff7/YGvefVw==}
    peerDependencies:
      react: '>=16.9.0'
      react-dom: '>=16.9.0'
    dependencies:
      '@babel/runtime': 7.24.7
      classnames: 2.5.1
      rc-util: 5.42.1(react-dom@18.3.1)(react@18.3.1)
      react: 18.3.1
      react-dom: 18.3.1(react@18.3.1)
    dev: false

  /rc-collapse@3.7.3(react-dom@18.3.1)(react@18.3.1):
    resolution: {integrity: sha512-60FJcdTRn0X5sELF18TANwtVi7FtModq649H11mYF1jh83DniMoM4MqY627sEKRCTm4+WXfGDcB7hY5oW6xhyw==}
    peerDependencies:
      react: '>=16.9.0'
      react-dom: '>=16.9.0'
    dependencies:
      '@babel/runtime': 7.24.7
      classnames: 2.5.1
      rc-motion: 2.9.1(react-dom@18.3.1)(react@18.3.1)
      rc-util: 5.42.1(react-dom@18.3.1)(react@18.3.1)
      react: 18.3.1
      react-dom: 18.3.1(react@18.3.1)
    dev: false

  /rc-dialog@9.5.2(react-dom@18.3.1)(react@18.3.1):
    resolution: {integrity: sha512-qVUjc8JukG+j/pNaHVSRa2GO2/KbV2thm7yO4hepQ902eGdYK913sGkwg/fh9yhKYV1ql3BKIN2xnud3rEXAPw==}
    peerDependencies:
      react: '>=16.9.0'
      react-dom: '>=16.9.0'
    dependencies:
      '@babel/runtime': 7.24.7
      '@rc-component/portal': 1.1.2(react-dom@18.3.1)(react@18.3.1)
      classnames: 2.5.1
      rc-motion: 2.9.1(react-dom@18.3.1)(react@18.3.1)
      rc-util: 5.42.1(react-dom@18.3.1)(react@18.3.1)
      react: 18.3.1
      react-dom: 18.3.1(react@18.3.1)
    dev: false

  /rc-drawer@7.2.0(react-dom@18.3.1)(react@18.3.1):
    resolution: {integrity: sha512-9lOQ7kBekEJRdEpScHvtmEtXnAsy+NGDXiRWc2ZVC7QXAazNVbeT4EraQKYwCME8BJLa8Bxqxvs5swwyOepRwg==}
    peerDependencies:
      react: '>=16.9.0'
      react-dom: '>=16.9.0'
    dependencies:
      '@babel/runtime': 7.24.7
      '@rc-component/portal': 1.1.2(react-dom@18.3.1)(react@18.3.1)
      classnames: 2.5.1
      rc-motion: 2.9.1(react-dom@18.3.1)(react@18.3.1)
      rc-util: 5.42.1(react-dom@18.3.1)(react@18.3.1)
      react: 18.3.1
      react-dom: 18.3.1(react@18.3.1)
    dev: false

  /rc-dropdown@4.2.0(react-dom@18.3.1)(react@18.3.1):
    resolution: {integrity: sha512-odM8Ove+gSh0zU27DUj5cG1gNKg7mLWBYzB5E4nNLrLwBmYEgYP43vHKDGOVZcJSVElQBI0+jTQgjnq0NfLjng==}
    peerDependencies:
      react: '>=16.11.0'
      react-dom: '>=16.11.0'
    dependencies:
      '@babel/runtime': 7.24.7
      '@rc-component/trigger': 2.2.0(react-dom@18.3.1)(react@18.3.1)
      classnames: 2.5.1
      rc-util: 5.42.1(react-dom@18.3.1)(react@18.3.1)
      react: 18.3.1
      react-dom: 18.3.1(react@18.3.1)
    dev: false

  /rc-field-form@2.2.1(react-dom@18.3.1)(react@18.3.1):
    resolution: {integrity: sha512-uoNqDoR7A4tn4QTSqoWPAzrR7ZwOK5I+vuZ/qdcHtbKx+ZjEsTg7QXm2wk/jalDiSksAQmATxL0T5LJkRREdIA==}
    engines: {node: '>=8.x'}
    peerDependencies:
      react: '>=16.9.0'
      react-dom: '>=16.9.0'
    dependencies:
      '@babel/runtime': 7.24.7
      '@rc-component/async-validator': 5.0.4
      rc-util: 5.42.1(react-dom@18.3.1)(react@18.3.1)
      react: 18.3.1
      react-dom: 18.3.1(react@18.3.1)
    dev: false

  /rc-image@7.9.0(react-dom@18.3.1)(react@18.3.1):
    resolution: {integrity: sha512-l4zqO5E0quuLMCtdKfBgj4Suv8tIS011F5k1zBBlK25iMjjiNHxA0VeTzGFtUZERSA45gvpXDg8/P6qNLjR25g==}
    peerDependencies:
      react: '>=16.9.0'
      react-dom: '>=16.9.0'
    dependencies:
      '@babel/runtime': 7.24.7
      '@rc-component/portal': 1.1.2(react-dom@18.3.1)(react@18.3.1)
      classnames: 2.5.1
      rc-dialog: 9.5.2(react-dom@18.3.1)(react@18.3.1)
      rc-motion: 2.9.1(react-dom@18.3.1)(react@18.3.1)
      rc-util: 5.42.1(react-dom@18.3.1)(react@18.3.1)
      react: 18.3.1
      react-dom: 18.3.1(react@18.3.1)
    dev: false

  /rc-input-number@9.1.0(react-dom@18.3.1)(react@18.3.1):
    resolution: {integrity: sha512-NqJ6i25Xn/AgYfVxynlevIhX3FuKlMwIFpucGG1h98SlK32wQwDK0zhN9VY32McOmuaqzftduNYWWooWz8pXQA==}
    peerDependencies:
      react: '>=16.9.0'
      react-dom: '>=16.9.0'
    dependencies:
      '@babel/runtime': 7.24.7
      '@rc-component/mini-decimal': 1.1.0
      classnames: 2.5.1
      rc-input: 1.5.1(react-dom@18.3.1)(react@18.3.1)
      rc-util: 5.42.1(react-dom@18.3.1)(react@18.3.1)
      react: 18.3.1
      react-dom: 18.3.1(react@18.3.1)
    dev: false

  /rc-input@1.5.1(react-dom@18.3.1)(react@18.3.1):
    resolution: {integrity: sha512-+nOzQJDeIfIpNP/SgY45LXSKbuMlp4Yap2y8c+ZpU7XbLmNzUd6+d5/S75sA/52jsVE6S/AkhkkDEAOjIu7i6g==}
    peerDependencies:
      react: '>=16.0.0'
      react-dom: '>=16.0.0'
    dependencies:
      '@babel/runtime': 7.24.7
      classnames: 2.5.1
      rc-util: 5.42.1(react-dom@18.3.1)(react@18.3.1)
      react: 18.3.1
      react-dom: 18.3.1(react@18.3.1)
    dev: false

  /rc-mentions@2.14.0(react-dom@18.3.1)(react@18.3.1):
    resolution: {integrity: sha512-qKR59FMuF8PK4ZqsbWX3UuA5P1M/snzyqV6Yt3y1DCFbCEdqUGIBgQp6vEfLCO6Z0RoRFlzXtCeSlBTcDDpg1A==}
    peerDependencies:
      react: '>=16.9.0'
      react-dom: '>=16.9.0'
    dependencies:
      '@babel/runtime': 7.24.7
      '@rc-component/trigger': 2.2.0(react-dom@18.3.1)(react@18.3.1)
      classnames: 2.5.1
      rc-input: 1.5.1(react-dom@18.3.1)(react@18.3.1)
      rc-menu: 9.14.0(react-dom@18.3.1)(react@18.3.1)
      rc-textarea: 1.7.0(react-dom@18.3.1)(react@18.3.1)
      rc-util: 5.42.1(react-dom@18.3.1)(react@18.3.1)
      react: 18.3.1
      react-dom: 18.3.1(react@18.3.1)
    dev: false

  /rc-menu@9.14.0(react-dom@18.3.1)(react@18.3.1):
    resolution: {integrity: sha512-La3LBCDMLMs9Q/8mTGbnscb+ZeJ26ebkLz9xJFHd2SD8vfsCKl1Z/k3mwbxyKL01lB40fel1s9Nn9LAv/nmVJQ==}
    peerDependencies:
      react: '>=16.9.0'
      react-dom: '>=16.9.0'
    dependencies:
      '@babel/runtime': 7.24.7
      '@rc-component/trigger': 2.2.0(react-dom@18.3.1)(react@18.3.1)
      classnames: 2.5.1
      rc-motion: 2.9.1(react-dom@18.3.1)(react@18.3.1)
      rc-overflow: 1.3.2(react-dom@18.3.1)(react@18.3.1)
      rc-util: 5.42.1(react-dom@18.3.1)(react@18.3.1)
      react: 18.3.1
      react-dom: 18.3.1(react@18.3.1)
    dev: false

  /rc-motion@2.9.1(react-dom@18.3.1)(react@18.3.1):
    resolution: {integrity: sha512-QD4bUqByjVQs7PhUT1d4bNxvtTcK9ETwtg7psbDfo6TmYalH/1hhjj4r2hbhW7g5OOEqYHhfwfj4noIvuOVRtQ==}
    peerDependencies:
      react: '>=16.9.0'
      react-dom: '>=16.9.0'
    dependencies:
      '@babel/runtime': 7.24.7
      classnames: 2.5.1
      rc-util: 5.42.1(react-dom@18.3.1)(react@18.3.1)
      react: 18.3.1
      react-dom: 18.3.1(react@18.3.1)
    dev: false

  /rc-notification@5.6.0(react-dom@18.3.1)(react@18.3.1):
    resolution: {integrity: sha512-TGQW5T7waOxLwgJG7fXcw8l7AQiFOjaZ7ISF5PrU526nunHRNcTMuzKihQHaF4E/h/KfOCDk3Mv8eqzbu2e28w==}
    engines: {node: '>=8.x'}
    peerDependencies:
      react: '>=16.9.0'
      react-dom: '>=16.9.0'
    dependencies:
      '@babel/runtime': 7.24.7
      classnames: 2.5.1
      rc-motion: 2.9.1(react-dom@18.3.1)(react@18.3.1)
      rc-util: 5.42.1(react-dom@18.3.1)(react@18.3.1)
      react: 18.3.1
      react-dom: 18.3.1(react@18.3.1)
    dev: false

  /rc-overflow@1.3.2(react-dom@18.3.1)(react@18.3.1):
    resolution: {integrity: sha512-nsUm78jkYAoPygDAcGZeC2VwIg/IBGSodtOY3pMof4W3M9qRJgqaDYm03ZayHlde3I6ipliAxbN0RUcGf5KOzw==}
    peerDependencies:
      react: '>=16.9.0'
      react-dom: '>=16.9.0'
    dependencies:
      '@babel/runtime': 7.24.7
      classnames: 2.5.1
      rc-resize-observer: 1.4.0(react-dom@18.3.1)(react@18.3.1)
      rc-util: 5.42.1(react-dom@18.3.1)(react@18.3.1)
      react: 18.3.1
      react-dom: 18.3.1(react@18.3.1)
    dev: false

  /rc-pagination@4.0.4(react-dom@18.3.1)(react@18.3.1):
    resolution: {integrity: sha512-GGrLT4NgG6wgJpT/hHIpL9nELv27A1XbSZzECIuQBQTVSf4xGKxWr6I/jhpRPauYEWEbWVw22ObG6tJQqwJqWQ==}
    peerDependencies:
      react: '>=16.9.0'
      react-dom: '>=16.9.0'
    dependencies:
      '@babel/runtime': 7.24.7
      classnames: 2.5.1
      rc-util: 5.42.1(react-dom@18.3.1)(react@18.3.1)
      react: 18.3.1
      react-dom: 18.3.1(react@18.3.1)
    dev: false

  /rc-picker@4.5.0(dayjs@1.11.11)(react-dom@18.3.1)(react@18.3.1):
    resolution: {integrity: sha512-suqz9bzuhBQlf7u+bZd1bJLPzhXpk12w6AjQ9BTPTiFwexVZgUKViG1KNLyfFvW6tCUZZK0HmCCX7JAyM+JnCg==}
    engines: {node: '>=8.x'}
    peerDependencies:
      date-fns: '>= 2.x'
      dayjs: '>= 1.x'
      luxon: '>= 3.x'
      moment: '>= 2.x'
      react: '>=16.9.0'
      react-dom: '>=16.9.0'
    peerDependenciesMeta:
      date-fns:
        optional: true
      dayjs:
        optional: true
      luxon:
        optional: true
      moment:
        optional: true
    dependencies:
      '@babel/runtime': 7.24.7
      '@rc-component/trigger': 2.2.0(react-dom@18.3.1)(react@18.3.1)
      classnames: 2.5.1
      dayjs: 1.11.11
      rc-overflow: 1.3.2(react-dom@18.3.1)(react@18.3.1)
      rc-resize-observer: 1.4.0(react-dom@18.3.1)(react@18.3.1)
      rc-util: 5.42.1(react-dom@18.3.1)(react@18.3.1)
      react: 18.3.1
      react-dom: 18.3.1(react@18.3.1)
    dev: false

  /rc-progress@4.0.0(react-dom@18.3.1)(react@18.3.1):
    resolution: {integrity: sha512-oofVMMafOCokIUIBnZLNcOZFsABaUw8PPrf1/y0ZBvKZNpOiu5h4AO9vv11Sw0p4Hb3D0yGWuEattcQGtNJ/aw==}
    peerDependencies:
      react: '>=16.9.0'
      react-dom: '>=16.9.0'
    dependencies:
      '@babel/runtime': 7.24.7
      classnames: 2.5.1
      rc-util: 5.42.1(react-dom@18.3.1)(react@18.3.1)
      react: 18.3.1
      react-dom: 18.3.1(react@18.3.1)
    dev: false

  /rc-rate@2.13.0(react-dom@18.3.1)(react@18.3.1):
    resolution: {integrity: sha512-oxvx1Q5k5wD30sjN5tqAyWTvJfLNNJn7Oq3IeS4HxWfAiC4BOXMITNAsw7u/fzdtO4MS8Ki8uRLOzcnEuoQiAw==}
    engines: {node: '>=8.x'}
    peerDependencies:
      react: '>=16.9.0'
      react-dom: '>=16.9.0'
    dependencies:
      '@babel/runtime': 7.24.7
      classnames: 2.5.1
      rc-util: 5.42.1(react-dom@18.3.1)(react@18.3.1)
      react: 18.3.1
      react-dom: 18.3.1(react@18.3.1)
    dev: false

  /rc-resize-observer@1.4.0(react-dom@18.3.1)(react@18.3.1):
    resolution: {integrity: sha512-PnMVyRid9JLxFavTjeDXEXo65HCRqbmLBw9xX9gfC4BZiSzbLXKzW3jPz+J0P71pLbD5tBMTT+mkstV5gD0c9Q==}
    peerDependencies:
      react: '>=16.9.0'
      react-dom: '>=16.9.0'
    dependencies:
      '@babel/runtime': 7.24.7
      classnames: 2.5.1
      rc-util: 5.42.1(react-dom@18.3.1)(react@18.3.1)
      react: 18.3.1
      react-dom: 18.3.1(react@18.3.1)
      resize-observer-polyfill: 1.5.1
    dev: false

  /rc-segmented@2.3.0(react-dom@18.3.1)(react@18.3.1):
    resolution: {integrity: sha512-I3FtM5Smua/ESXutFfb8gJ8ZPcvFR+qUgeeGFQHBOvRiRKyAk4aBE5nfqrxXx+h8/vn60DQjOt6i4RNtrbOobg==}
    peerDependencies:
      react: '>=16.0.0'
      react-dom: '>=16.0.0'
    dependencies:
      '@babel/runtime': 7.24.7
      classnames: 2.5.1
      rc-motion: 2.9.1(react-dom@18.3.1)(react@18.3.1)
      rc-util: 5.42.1(react-dom@18.3.1)(react@18.3.1)
      react: 18.3.1
      react-dom: 18.3.1(react@18.3.1)
    dev: false

  /rc-select@14.14.0(react-dom@18.3.1)(react@18.3.1):
    resolution: {integrity: sha512-Uo2wulrjoPPRLCPd7zlK4ZFVJxlTN//yp1xWP/U+TUOQCyXrT+Duvq/Si5OzVcmQyWAUSbsplc2OwNNhvbOeKQ==}
    engines: {node: '>=8.x'}
    peerDependencies:
      react: '*'
      react-dom: '*'
    dependencies:
      '@babel/runtime': 7.24.7
      '@rc-component/trigger': 2.2.0(react-dom@18.3.1)(react@18.3.1)
      classnames: 2.5.1
      rc-motion: 2.9.1(react-dom@18.3.1)(react@18.3.1)
      rc-overflow: 1.3.2(react-dom@18.3.1)(react@18.3.1)
      rc-util: 5.42.1(react-dom@18.3.1)(react@18.3.1)
      rc-virtual-list: 3.14.3(react-dom@18.3.1)(react@18.3.1)
      react: 18.3.1
      react-dom: 18.3.1(react@18.3.1)
    dev: false

  /rc-slider@10.6.2(react-dom@18.3.1)(react@18.3.1):
    resolution: {integrity: sha512-FjkoFjyvUQWcBo1F3RgSglky3ar0+qHLM41PlFVYB4Bj3RD8E/Mv7kqMouLFBU+3aFglMzzctAIWRwajEuueSw==}
    engines: {node: '>=8.x'}
    peerDependencies:
      react: '>=16.9.0'
      react-dom: '>=16.9.0'
    dependencies:
      '@babel/runtime': 7.24.7
      classnames: 2.5.1
      rc-util: 5.42.1(react-dom@18.3.1)(react@18.3.1)
      react: 18.3.1
      react-dom: 18.3.1(react@18.3.1)
    dev: false

  /rc-steps@6.0.1(react-dom@18.3.1)(react@18.3.1):
    resolution: {integrity: sha512-lKHL+Sny0SeHkQKKDJlAjV5oZ8DwCdS2hFhAkIjuQt1/pB81M0cA0ErVFdHq9+jmPmFw1vJB2F5NBzFXLJxV+g==}
    engines: {node: '>=8.x'}
    peerDependencies:
      react: '>=16.9.0'
      react-dom: '>=16.9.0'
    dependencies:
      '@babel/runtime': 7.24.7
      classnames: 2.5.1
      rc-util: 5.42.1(react-dom@18.3.1)(react@18.3.1)
      react: 18.3.1
      react-dom: 18.3.1(react@18.3.1)
    dev: false

  /rc-switch@4.1.0(react-dom@18.3.1)(react@18.3.1):
    resolution: {integrity: sha512-TI8ufP2Az9oEbvyCeVE4+90PDSljGyuwix3fV58p7HV2o4wBnVToEyomJRVyTaZeqNPAp+vqeo4Wnj5u0ZZQBg==}
    peerDependencies:
      react: '>=16.9.0'
      react-dom: '>=16.9.0'
    dependencies:
      '@babel/runtime': 7.24.7
      classnames: 2.5.1
      rc-util: 5.42.1(react-dom@18.3.1)(react@18.3.1)
      react: 18.3.1
      react-dom: 18.3.1(react@18.3.1)
    dev: false

  /rc-table@7.45.7(react-dom@18.3.1)(react@18.3.1):
    resolution: {integrity: sha512-wi9LetBL1t1csxyGkMB2p3mCiMt+NDexMlPbXHvQFmBBAsMxrgNSAPwUci2zDLUq9m8QdWc1Nh8suvrpy9mXrg==}
    engines: {node: '>=8.x'}
    peerDependencies:
      react: '>=16.9.0'
      react-dom: '>=16.9.0'
    dependencies:
      '@babel/runtime': 7.24.7
      '@rc-component/context': 1.4.0(react-dom@18.3.1)(react@18.3.1)
      classnames: 2.5.1
      rc-resize-observer: 1.4.0(react-dom@18.3.1)(react@18.3.1)
      rc-util: 5.42.1(react-dom@18.3.1)(react@18.3.1)
      rc-virtual-list: 3.14.3(react-dom@18.3.1)(react@18.3.1)
      react: 18.3.1
      react-dom: 18.3.1(react@18.3.1)
    dev: false

  /rc-tabs@15.1.1(react-dom@18.3.1)(react@18.3.1):
    resolution: {integrity: sha512-Tc7bJvpEdkWIVCUL7yQrMNBJY3j44NcyWS48jF/UKMXuUlzaXK+Z/pEL5LjGcTadtPvVmNqA40yv7hmr+tCOAw==}
    engines: {node: '>=8.x'}
    peerDependencies:
      react: '>=16.9.0'
      react-dom: '>=16.9.0'
    dependencies:
      '@babel/runtime': 7.24.7
      classnames: 2.5.1
      rc-dropdown: 4.2.0(react-dom@18.3.1)(react@18.3.1)
      rc-menu: 9.14.0(react-dom@18.3.1)(react@18.3.1)
      rc-motion: 2.9.1(react-dom@18.3.1)(react@18.3.1)
      rc-resize-observer: 1.4.0(react-dom@18.3.1)(react@18.3.1)
      rc-util: 5.42.1(react-dom@18.3.1)(react@18.3.1)
      react: 18.3.1
      react-dom: 18.3.1(react@18.3.1)
    dev: false

  /rc-textarea@1.7.0(react-dom@18.3.1)(react@18.3.1):
    resolution: {integrity: sha512-UxizYJkWkmxP3zofXgc487QiGyDmhhheDLLjIWbFtDmiru1ls30KpO8odDaPyqNUIy9ugj5djxTEuezIn6t3Jg==}
    peerDependencies:
      react: '>=16.9.0'
      react-dom: '>=16.9.0'
    dependencies:
      '@babel/runtime': 7.24.7
      classnames: 2.5.1
      rc-input: 1.5.1(react-dom@18.3.1)(react@18.3.1)
      rc-resize-observer: 1.4.0(react-dom@18.3.1)(react@18.3.1)
      rc-util: 5.42.1(react-dom@18.3.1)(react@18.3.1)
      react: 18.3.1
      react-dom: 18.3.1(react@18.3.1)
    dev: false

  /rc-tooltip@6.2.0(react-dom@18.3.1)(react@18.3.1):
    resolution: {integrity: sha512-iS/3iOAvtDh9GIx1ulY7EFUXUtktFccNLsARo3NPgLf0QW9oT0w3dA9cYWlhqAKmD+uriEwdWz1kH0Qs4zk2Aw==}
    peerDependencies:
      react: '>=16.9.0'
      react-dom: '>=16.9.0'
    dependencies:
      '@babel/runtime': 7.24.7
      '@rc-component/trigger': 2.2.0(react-dom@18.3.1)(react@18.3.1)
      classnames: 2.5.1
      react: 18.3.1
      react-dom: 18.3.1(react@18.3.1)
    dev: false

  /rc-tree-select@5.21.0(react-dom@18.3.1)(react@18.3.1):
    resolution: {integrity: sha512-w+9qEu6zh0G3wt9N/hzWNSnqYH1i9mH1Nqxo0caxLRRFXF5yZWYmpCDoDTMdQM1Y4z3Q5yj08qyrPH/d4AtumA==}
    peerDependencies:
      react: '*'
      react-dom: '*'
    dependencies:
      '@babel/runtime': 7.24.7
      classnames: 2.5.1
      rc-select: 14.14.0(react-dom@18.3.1)(react@18.3.1)
      rc-tree: 5.8.8(react-dom@18.3.1)(react@18.3.1)
      rc-util: 5.42.1(react-dom@18.3.1)(react@18.3.1)
      react: 18.3.1
      react-dom: 18.3.1(react@18.3.1)
    dev: false

  /rc-tree@5.8.8(react-dom@18.3.1)(react@18.3.1):
    resolution: {integrity: sha512-S+mCMWo91m5AJqjz3PdzKilGgbFm7fFJRFiTDOcoRbD7UfMOPnerXwMworiga0O2XIo383UoWuEfeHs1WOltag==}
    engines: {node: '>=10.x'}
    peerDependencies:
      react: '*'
      react-dom: '*'
    dependencies:
      '@babel/runtime': 7.24.7
      classnames: 2.5.1
      rc-motion: 2.9.1(react-dom@18.3.1)(react@18.3.1)
      rc-util: 5.42.1(react-dom@18.3.1)(react@18.3.1)
      rc-virtual-list: 3.14.3(react-dom@18.3.1)(react@18.3.1)
      react: 18.3.1
      react-dom: 18.3.1(react@18.3.1)
    dev: false

  /rc-upload@4.5.2(react-dom@18.3.1)(react@18.3.1):
    resolution: {integrity: sha512-QO3ne77DwnAPKFn0bA5qJM81QBjQi0e0NHdkvpFyY73Bea2NfITiotqJqVjHgeYPOJu5lLVR32TNGP084aSoXA==}
    peerDependencies:
      react: '>=16.9.0'
      react-dom: '>=16.9.0'
    dependencies:
      '@babel/runtime': 7.24.7
      classnames: 2.5.1
      rc-util: 5.42.1(react-dom@18.3.1)(react@18.3.1)
      react: 18.3.1
      react-dom: 18.3.1(react@18.3.1)
    dev: false

  /rc-util@5.42.1(react-dom@18.3.1)(react@18.3.1):
    resolution: {integrity: sha512-9raEonoOiRka2hXedkMjILdz24Z4UHfAoyWSi/na1B4w4fiBujV+atJEdQrZST+Bs7NuQB0FFBsRAdD8ykInfg==}
    peerDependencies:
      react: '>=16.9.0'
      react-dom: '>=16.9.0'
    dependencies:
      '@babel/runtime': 7.24.7
      react: 18.3.1
      react-dom: 18.3.1(react@18.3.1)
      react-is: 18.3.1
    dev: false

  /rc-virtual-list@3.14.3(react-dom@18.3.1)(react@18.3.1):
    resolution: {integrity: sha512-6+6wiEhdqakNBnbRJymgMlh+90qpkgqherTRo1l1cX7mK6F9hWsazPczmP0lA+64yhC9/t+M9Dh5pjvDWimn8A==}
    engines: {node: '>=8.x'}
    peerDependencies:
      react: '>=16.9.0'
      react-dom: '>=16.9.0'
    dependencies:
      '@babel/runtime': 7.24.7
      classnames: 2.5.1
      rc-resize-observer: 1.4.0(react-dom@18.3.1)(react@18.3.1)
      rc-util: 5.42.1(react-dom@18.3.1)(react@18.3.1)
      react: 18.3.1
      react-dom: 18.3.1(react@18.3.1)
    dev: false

  /react-dom@18.3.1(react@18.3.1):
    resolution: {integrity: sha512-5m4nQKp+rZRb09LNH59GM4BxTh9251/ylbKIbpe7TpGxfJ+9kv6BLkLBXIjjspbgbnIBNqlI23tRnTWT0snUIw==}
    peerDependencies:
      react: ^18.3.1
    dependencies:
      loose-envify: 1.4.0
      react: 18.3.1
      scheduler: 0.23.2
    dev: false

  /react-is@18.3.1:
    resolution: {integrity: sha512-/LLMVyas0ljjAtoYiPqYiL8VWXzUUdThrmU5+n20DZv+a+ClRoevUzw5JxU+Ieh5/c87ytoTBV9G1FiKfNJdmg==}
    dev: false

  /react@18.3.1:
    resolution: {integrity: sha512-wS+hAgJShR0KhEvPJArfuPVN1+Hz1t0Y6n5jLrGQbkb4urgPE/0Rve+1kMB1v/oWgHgm4WIcV+i7F2pTVj+2iQ==}
    engines: {node: '>=0.10.0'}
    dependencies:
      loose-envify: 1.4.0
    dev: false

  /regenerator-runtime@0.14.1:
    resolution: {integrity: sha512-dYnhHh0nJoMfnkZs6GmmhFknAGRrLznOu5nc9ML+EJxGvrx6H7teuevqVqCuPcPK//3eDrrjQhehXVx9cnkGdw==}
    dev: false

  /resize-observer-polyfill@1.5.1:
    resolution: {integrity: sha512-LwZrotdHOo12nQuZlHEmtuXdqGoOD0OhaxopaNFxWzInpEgaLWoVuAMbTzixuosCx2nEG58ngzW3vxdWoxIgdg==}
    dev: false

  /scheduler@0.23.2:
    resolution: {integrity: sha512-UOShsPwz7NrMUqhR6t0hWjFduvOzbtv7toDH1/hIrfRNIDBnnBWd0CwJTGvTpngVlmwGCdP9/Zl/tVrDqcuYzQ==}
    dependencies:
      loose-envify: 1.4.0
    dev: false

  /scroll-into-view-if-needed@3.1.0:
    resolution: {integrity: sha512-49oNpRjWRvnU8NyGVmUaYG4jtTkNonFZI86MmGRDqBphEK2EXT9gdEUoQPZhuBM8yWHxCWbobltqYO5M4XrUvQ==}
    dependencies:
      compute-scroll-into-view: 3.1.0
    dev: false

  /source-map-js@1.2.0:
    resolution: {integrity: sha512-itJW8lvSA0TXEphiRoawsCksnlf8SyvmFzIhltqAHluXd88pkCd+cXJVHTDwdCr0IzwptSm035IHQktUu1QUMg==}
    engines: {node: '>=0.10.0'}
    dev: false

  /streamsearch@1.1.0:
    resolution: {integrity: sha512-Mcc5wHehp9aXz1ax6bZUyY5afg9u2rv5cqQI3mRrYkGC8rW2hM02jWuwjtL++LS5qinSyhj2QfLyNsuc+VsExg==}
    engines: {node: '>=10.0.0'}
    dev: false

  /string-convert@0.2.1:
    resolution: {integrity: sha512-u/1tdPl4yQnPBjnVrmdLo9gtuLvELKsAoRapekWggdiQNvvvum+jYF329d84NAa660KQw7pB2n36KrIKVoXa3A==}
    dev: false

  /styled-jsx@5.1.1(react@18.3.1):
    resolution: {integrity: sha512-pW7uC1l4mBZ8ugbiZrcIsiIvVx1UmTfw7UkC3Um2tmfUq9Bhk8IiyEIPl6F8agHgjzku6j0xQEZbfA5uSgSaCw==}
    engines: {node: '>= 12.0.0'}
    peerDependencies:
      '@babel/core': '*'
      babel-plugin-macros: '*'
      react: '>= 16.8.0 || 17.x.x || ^18.0.0-0'
    peerDependenciesMeta:
      '@babel/core':
        optional: true
      babel-plugin-macros:
        optional: true
    dependencies:
      client-only: 0.0.1
      react: 18.3.1
    dev: false

  /stylis@4.3.2:
    resolution: {integrity: sha512-bhtUjWd/z6ltJiQwg0dUfxEJ+W+jdqQd8TbWLWyeIJHlnsqmGLRFFd8e5mA0AZi/zx90smXRlN66YMTcaSFifg==}
    dev: false

  /throttle-debounce@5.0.0:
    resolution: {integrity: sha512-2iQTSgkkc1Zyk0MeVrt/3BvuOXYPl/R8Z0U2xxo9rjwNciaHDG3R+Lm6dh4EeUci49DanvBnuqI6jshoQQRGEg==}
    engines: {node: '>=12.22'}
    dev: false

  /toggle-selection@1.0.6:
    resolution: {integrity: sha512-BiZS+C1OS8g/q2RRbJmy59xpyghNBqrr6k5L/uKBGRsTfxmu3ffiRnd8mlGPUVayg8pvfi5urfnu8TU7DVOkLQ==}
    dev: false

  /tslib@2.6.3:
    resolution: {integrity: sha512-xNvxJEOUiWPGhUuUdQgAJPKOOJfGnIyKySOc09XkKsgdUV/3E2zvwZYdejjmRgPCgcym1juLH3226yA7sEFJKQ==}
    dev: false
